// !$*UTF8*$!
{
	archiveVersion = 1;
	classes = {
	};
	objectVersion = 52;
	objects = {

/* Begin PBXBuildFile section */
		755A463326BBFAC600F02AC7 /* AfricaApp.swift in Sources */ = {isa = PBXBuildFile; fileRef = 755A463226BBFAC600F02AC7 /* AfricaApp.swift */; };
		755A463526BBFAC600F02AC7 /* ContentView.swift in Sources */ = {isa = PBXBuildFile; fileRef = 755A463426BBFAC600F02AC7 /* ContentView.swift */; };
		755A463726BBFAC700F02AC7 /* Assets.xcassets in Resources */ = {isa = PBXBuildFile; fileRef = 755A463626BBFAC700F02AC7 /* Assets.xcassets */; };
		755A463A26BBFAC700F02AC7 /* Preview Assets.xcassets in Resources */ = {isa = PBXBuildFile; fileRef = 755A463926BBFAC700F02AC7 /* Preview Assets.xcassets */; };
		755A464C26BBFC8E00F02AC7 /* elephant.mp4 in Resources */ = {isa = PBXBuildFile; fileRef = 755A464226BBFC8B00F02AC7 /* elephant.mp4 */; };
		755A464D26BBFC8E00F02AC7 /* giraffe.mp4 in Resources */ = {isa = PBXBuildFile; fileRef = 755A464326BBFC8C00F02AC7 /* giraffe.mp4 */; };
		755A464E26BBFC8E00F02AC7 /* cheetah.mp4 in Resources */ = {isa = PBXBuildFile; fileRef = 755A464426BBFC8C00F02AC7 /* cheetah.mp4 */; };
		755A464F26BBFC8E00F02AC7 /* lion.mp4 in Resources */ = {isa = PBXBuildFile; fileRef = 755A464526BBFC8C00F02AC7 /* lion.mp4 */; };
		755A465026BBFC8E00F02AC7 /* gorilla.mp4 in Resources */ = {isa = PBXBuildFile; fileRef = 755A464626BBFC8C00F02AC7 /* gorilla.mp4 */; };
		755A465126BBFC8E00F02AC7 /* ostrich.mp4 in Resources */ = {isa = PBXBuildFile; fileRef = 755A464726BBFC8D00F02AC7 /* ostrich.mp4 */; };
		755A465226BBFC8E00F02AC7 /* lioness.mp4 in Resources */ = {isa = PBXBuildFile; fileRef = 755A464826BBFC8D00F02AC7 /* lioness.mp4 */; };
		755A465326BBFC8E00F02AC7 /* rhino.mp4 in Resources */ = {isa = PBXBuildFile; fileRef = 755A464926BBFC8E00F02AC7 /* rhino.mp4 */; };
		755A465426BBFC8E00F02AC7 /* hippo.mp4 in Resources */ = {isa = PBXBuildFile; fileRef = 755A464A26BBFC8E00F02AC7 /* hippo.mp4 */; };
		755A465526BBFC8E00F02AC7 /* zebra.mp4 in Resources */ = {isa = PBXBuildFile; fileRef = 755A464B26BBFC8E00F02AC7 /* zebra.mp4 */; };
		755A465C26BBFCCC00F02AC7 /* covers.json in Resources */ = {isa = PBXBuildFile; fileRef = 755A465826BBFCCB00F02AC7 /* covers.json */; };
		755A465D26BBFCCC00F02AC7 /* videos.json in Resources */ = {isa = PBXBuildFile; fileRef = 755A465926BBFCCC00F02AC7 /* videos.json */; };
		755A465E26BBFCCC00F02AC7 /* locations.json in Resources */ = {isa = PBXBuildFile; fileRef = 755A465A26BBFCCC00F02AC7 /* locations.json */; };
		755A466126BBFE9F00F02AC7 /* VideoListView.swift in Sources */ = {isa = PBXBuildFile; fileRef = 755A466026BBFE9F00F02AC7 /* VideoListView.swift */; };
		755A466326BBFEB200F02AC7 /* MapView.swift in Sources */ = {isa = PBXBuildFile; fileRef = 755A466226BBFEB200F02AC7 /* MapView.swift */; };
		755A466526BBFEC300F02AC7 /* GalleryView.swift in Sources */ = {isa = PBXBuildFile; fileRef = 755A466426BBFEC300F02AC7 /* GalleryView.swift */; };
		755A466726BBFED400F02AC7 /* MainView.swift in Sources */ = {isa = PBXBuildFile; fileRef = 755A466626BBFED400F02AC7 /* MainView.swift */; };
		755A466A26BC010700F02AC7 /* CoverImageView.swift in Sources */ = {isa = PBXBuildFile; fileRef = 755A466926BC010700F02AC7 /* CoverImageView.swift */; };
		755A466D26BC033200F02AC7 /* CoverImageModel.swift in Sources */ = {isa = PBXBuildFile; fileRef = 755A466C26BC033200F02AC7 /* CoverImageModel.swift */; };
		755A467026BC045900F02AC7 /* CodableBundleExtension.swift in Sources */ = {isa = PBXBuildFile; fileRef = 755A466F26BC045900F02AC7 /* CodableBundleExtension.swift */; };
		755A467226BC089E00F02AC7 /* AnimalListItemView.swift in Sources */ = {isa = PBXBuildFile; fileRef = 755A467126BC089E00F02AC7 /* AnimalListItemView.swift */; };
		755A467426BC0A2600F02AC7 /* AnimalModel.swift in Sources */ = {isa = PBXBuildFile; fileRef = 755A467326BC0A2600F02AC7 /* AnimalModel.swift */; };
		756006FE26BC52F200AB9BA6 /* AnimalDetailView.swift in Sources */ = {isa = PBXBuildFile; fileRef = 756006FD26BC52F200AB9BA6 /* AnimalDetailView.swift */; };
		7560070026BC552800AB9BA6 /* HeadingView.swift in Sources */ = {isa = PBXBuildFile; fileRef = 756006FF26BC552800AB9BA6 /* HeadingView.swift */; };
		7560070226BC562200AB9BA6 /* InsetGalleryView.swift in Sources */ = {isa = PBXBuildFile; fileRef = 7560070126BC562200AB9BA6 /* InsetGalleryView.swift */; };
		7560070426BC65AF00AB9BA6 /* InsetFactView.swift in Sources */ = {isa = PBXBuildFile; fileRef = 7560070326BC65AF00AB9BA6 /* InsetFactView.swift */; };
		7560070626BC681400AB9BA6 /* InsetMapView.swift in Sources */ = {isa = PBXBuildFile; fileRef = 7560070526BC681400AB9BA6 /* InsetMapView.swift */; };
		7560070826BDB40C00AB9BA6 /* ExternalWebLinkView.swift in Sources */ = {isa = PBXBuildFile; fileRef = 7560070726BDB40C00AB9BA6 /* ExternalWebLinkView.swift */; };
		7560070A26C4C13000AB9BA6 /* VideoModel.swift in Sources */ = {isa = PBXBuildFile; fileRef = 7560070926C4C13000AB9BA6 /* VideoModel.swift */; };
		7560070C26C4C19A00AB9BA6 /* VideoListItemView.swift in Sources */ = {isa = PBXBuildFile; fileRef = 7560070B26C4C19A00AB9BA6 /* VideoListItemView.swift */; };
		7560070E26C4C8C400AB9BA6 /* VideoPlayerView.swift in Sources */ = {isa = PBXBuildFile; fileRef = 7560070D26C4C8C400AB9BA6 /* VideoPlayerView.swift */; };
		7560071126C4CA3800AB9BA6 /* VideoPlayerUtility.swift in Sources */ = {isa = PBXBuildFile; fileRef = 7560071026C4CA3800AB9BA6 /* VideoPlayerUtility.swift */; };
		7560071326C6150400AB9BA6 /* LocationModel.swift in Sources */ = {isa = PBXBuildFile; fileRef = 7560071226C6150400AB9BA6 /* LocationModel.swift */; };
		7560071526C6190B00AB9BA6 /* MapAnnotationView.swift in Sources */ = {isa = PBXBuildFile; fileRef = 7560071426C6190B00AB9BA6 /* MapAnnotationView.swift */; };
		7560071726CA04C700AB9BA6 /* MotionAnimationView.swift in Sources */ = {isa = PBXBuildFile; fileRef = 7560071626CA04C700AB9BA6 /* MotionAnimationView.swift */; };
		7560071926CB0D3B00AB9BA6 /* AnimalGridItemView.swift in Sources */ = {isa = PBXBuildFile; fileRef = 7560071826CB0D3B00AB9BA6 /* AnimalGridItemView.swift */; };
		7560071F26CBEDC500AB9BA6 /* Stickers.xcassets in Resources */ = {isa = PBXBuildFile; fileRef = 7560071E26CBEDC500AB9BA6 /* Stickers.xcassets */; };
		7560072426CBEDC500AB9BA6 /* Stickers.appex in Embed App Extensions */ = {isa = PBXBuildFile; fileRef = 7560071C26CBEDC300AB9BA6 /* Stickers.appex */; platformFilter = ios; settings = {ATTRIBUTES = (RemoveHeadersOnCopy, ); }; };
		7560072926CBF2CC00AB9BA6 /* CreditsView.swift in Sources */ = {isa = PBXBuildFile; fileRef = 7560072826CBF2CC00AB9BA6 /* CreditsView.swift */; };
		7560072C26CBF47400AB9BA6 /* CenterModifier.swift in Sources */ = {isa = PBXBuildFile; fileRef = 7560072B26CBF47400AB9BA6 /* CenterModifier.swift */; };
		75E7A1E126BC0FE6008CBCF5 /* animals.json in Resources */ = {isa = PBXBuildFile; fileRef = 75E7A1E026BC0FE6008CBCF5 /* animals.json */; };
/* End PBXBuildFile section */

/* Begin PBXContainerItemProxy section */
		7560072126CBEDC500AB9BA6 /* PBXContainerItemProxy */ = {
			isa = PBXContainerItemProxy;
			containerPortal = 755A462726BBFAC600F02AC7 /* Project object */;
			proxyType = 1;
			remoteGlobalIDString = 7560071B26CBEDC300AB9BA6;
			remoteInfo = Stickers;
		};
/* End PBXContainerItemProxy section */

/* Begin PBXCopyFilesBuildPhase section */
		7560072326CBEDC500AB9BA6 /* Embed App Extensions */ = {
			isa = PBXCopyFilesBuildPhase;
			buildActionMask = 2147483647;
			dstPath = "";
			dstSubfolderSpec = 13;
			files = (
				7560072426CBEDC500AB9BA6 /* Stickers.appex in Embed App Extensions */,
			);
			name = "Embed App Extensions";
			runOnlyForDeploymentPostprocessing = 0;
		};
/* End PBXCopyFilesBuildPhase section */

/* Begin PBXFileReference section */
		755A462F26BBFAC600F02AC7 /* Africa.app */ = {isa = PBXFileReference; explicitFileType = wrapper.application; includeInIndex = 0; path = Africa.app; sourceTree = BUILT_PRODUCTS_DIR; };
		755A463226BBFAC600F02AC7 /* AfricaApp.swift */ = {isa = PBXFileReference; lastKnownFileType = sourcecode.swift; path = AfricaApp.swift; sourceTree = "<group>"; };
		755A463426BBFAC600F02AC7 /* ContentView.swift */ = {isa = PBXFileReference; lastKnownFileType = sourcecode.swift; path = ContentView.swift; sourceTree = "<group>"; };
		755A463626BBFAC700F02AC7 /* Assets.xcassets */ = {isa = PBXFileReference; lastKnownFileType = folder.assetcatalog; path = Assets.xcassets; sourceTree = "<group>"; };
		755A463926BBFAC700F02AC7 /* Preview Assets.xcassets */ = {isa = PBXFileReference; lastKnownFileType = folder.assetcatalog; path = "Preview Assets.xcassets"; sourceTree = "<group>"; };
		755A463B26BBFAC700F02AC7 /* Info.plist */ = {isa = PBXFileReference; lastKnownFileType = text.plist.xml; path = Info.plist; sourceTree = "<group>"; };
		755A464226BBFC8B00F02AC7 /* elephant.mp4 */ = {isa = PBXFileReference; lastKnownFileType = file; path = elephant.mp4; sourceTree = "<group>"; };
		755A464326BBFC8C00F02AC7 /* giraffe.mp4 */ = {isa = PBXFileReference; lastKnownFileType = file; path = giraffe.mp4; sourceTree = "<group>"; };
		755A464426BBFC8C00F02AC7 /* cheetah.mp4 */ = {isa = PBXFileReference; lastKnownFileType = file; path = cheetah.mp4; sourceTree = "<group>"; };
		755A464526BBFC8C00F02AC7 /* lion.mp4 */ = {isa = PBXFileReference; lastKnownFileType = file; path = lion.mp4; sourceTree = "<group>"; };
		755A464626BBFC8C00F02AC7 /* gorilla.mp4 */ = {isa = PBXFileReference; lastKnownFileType = file; path = gorilla.mp4; sourceTree = "<group>"; };
		755A464726BBFC8D00F02AC7 /* ostrich.mp4 */ = {isa = PBXFileReference; lastKnownFileType = file; path = ostrich.mp4; sourceTree = "<group>"; };
		755A464826BBFC8D00F02AC7 /* lioness.mp4 */ = {isa = PBXFileReference; lastKnownFileType = file; path = lioness.mp4; sourceTree = "<group>"; };
		755A464926BBFC8E00F02AC7 /* rhino.mp4 */ = {isa = PBXFileReference; lastKnownFileType = file; path = rhino.mp4; sourceTree = "<group>"; };
		755A464A26BBFC8E00F02AC7 /* hippo.mp4 */ = {isa = PBXFileReference; lastKnownFileType = file; path = hippo.mp4; sourceTree = "<group>"; };
		755A464B26BBFC8E00F02AC7 /* zebra.mp4 */ = {isa = PBXFileReference; lastKnownFileType = file; path = zebra.mp4; sourceTree = "<group>"; };
		755A465826BBFCCB00F02AC7 /* covers.json */ = {isa = PBXFileReference; fileEncoding = 4; lastKnownFileType = text.json; path = covers.json; sourceTree = "<group>"; };
		755A465926BBFCCC00F02AC7 /* videos.json */ = {isa = PBXFileReference; fileEncoding = 4; lastKnownFileType = text.json; path = videos.json; sourceTree = "<group>"; };
		755A465A26BBFCCC00F02AC7 /* locations.json */ = {isa = PBXFileReference; fileEncoding = 4; lastKnownFileType = text.json; path = locations.json; sourceTree = "<group>"; };
		755A466026BBFE9F00F02AC7 /* VideoListView.swift */ = {isa = PBXFileReference; lastKnownFileType = sourcecode.swift; path = VideoListView.swift; sourceTree = "<group>"; };
		755A466226BBFEB200F02AC7 /* MapView.swift */ = {isa = PBXFileReference; lastKnownFileType = sourcecode.swift; path = MapView.swift; sourceTree = "<group>"; };
		755A466426BBFEC300F02AC7 /* GalleryView.swift */ = {isa = PBXFileReference; lastKnownFileType = sourcecode.swift; path = GalleryView.swift; sourceTree = "<group>"; };
		755A466626BBFED400F02AC7 /* MainView.swift */ = {isa = PBXFileReference; lastKnownFileType = sourcecode.swift; path = MainView.swift; sourceTree = "<group>"; };
		755A466926BC010700F02AC7 /* CoverImageView.swift */ = {isa = PBXFileReference; lastKnownFileType = sourcecode.swift; path = CoverImageView.swift; sourceTree = "<group>"; };
		755A466C26BC033200F02AC7 /* CoverImageModel.swift */ = {isa = PBXFileReference; lastKnownFileType = sourcecode.swift; path = CoverImageModel.swift; sourceTree = "<group>"; };
		755A466F26BC045900F02AC7 /* CodableBundleExtension.swift */ = {isa = PBXFileReference; lastKnownFileType = sourcecode.swift; path = CodableBundleExtension.swift; sourceTree = "<group>"; };
		755A467126BC089E00F02AC7 /* AnimalListItemView.swift */ = {isa = PBXFileReference; lastKnownFileType = sourcecode.swift; path = AnimalListItemView.swift; sourceTree = "<group>"; };
		755A467326BC0A2600F02AC7 /* AnimalModel.swift */ = {isa = PBXFileReference; lastKnownFileType = sourcecode.swift; path = AnimalModel.swift; sourceTree = "<group>"; };
		756006FD26BC52F200AB9BA6 /* AnimalDetailView.swift */ = {isa = PBXFileReference; lastKnownFileType = sourcecode.swift; path = AnimalDetailView.swift; sourceTree = "<group>"; };
		756006FF26BC552800AB9BA6 /* HeadingView.swift */ = {isa = PBXFileReference; lastKnownFileType = sourcecode.swift; path = HeadingView.swift; sourceTree = "<group>"; };
		7560070126BC562200AB9BA6 /* InsetGalleryView.swift */ = {isa = PBXFileReference; lastKnownFileType = sourcecode.swift; path = InsetGalleryView.swift; sourceTree = "<group>"; };
		7560070326BC65AF00AB9BA6 /* InsetFactView.swift */ = {isa = PBXFileReference; lastKnownFileType = sourcecode.swift; path = InsetFactView.swift; sourceTree = "<group>"; };
		7560070526BC681400AB9BA6 /* InsetMapView.swift */ = {isa = PBXFileReference; lastKnownFileType = sourcecode.swift; path = InsetMapView.swift; sourceTree = "<group>"; };
		7560070726BDB40C00AB9BA6 /* ExternalWebLinkView.swift */ = {isa = PBXFileReference; lastKnownFileType = sourcecode.swift; path = ExternalWebLinkView.swift; sourceTree = "<group>"; };
		7560070926C4C13000AB9BA6 /* VideoModel.swift */ = {isa = PBXFileReference; lastKnownFileType = sourcecode.swift; path = VideoModel.swift; sourceTree = "<group>"; };
		7560070B26C4C19A00AB9BA6 /* VideoListItemView.swift */ = {isa = PBXFileReference; lastKnownFileType = sourcecode.swift; path = VideoListItemView.swift; sourceTree = "<group>"; };
		7560070D26C4C8C400AB9BA6 /* VideoPlayerView.swift */ = {isa = PBXFileReference; lastKnownFileType = sourcecode.swift; path = VideoPlayerView.swift; sourceTree = "<group>"; };
		7560071026C4CA3800AB9BA6 /* VideoPlayerUtility.swift */ = {isa = PBXFileReference; lastKnownFileType = sourcecode.swift; path = VideoPlayerUtility.swift; sourceTree = "<group>"; };
		7560071226C6150400AB9BA6 /* LocationModel.swift */ = {isa = PBXFileReference; lastKnownFileType = sourcecode.swift; path = LocationModel.swift; sourceTree = "<group>"; };
		7560071426C6190B00AB9BA6 /* MapAnnotationView.swift */ = {isa = PBXFileReference; lastKnownFileType = sourcecode.swift; path = MapAnnotationView.swift; sourceTree = "<group>"; };
		7560071626CA04C700AB9BA6 /* MotionAnimationView.swift */ = {isa = PBXFileReference; lastKnownFileType = sourcecode.swift; path = MotionAnimationView.swift; sourceTree = "<group>"; };
		7560071826CB0D3B00AB9BA6 /* AnimalGridItemView.swift */ = {isa = PBXFileReference; lastKnownFileType = sourcecode.swift; path = AnimalGridItemView.swift; sourceTree = "<group>"; };
		7560071C26CBEDC300AB9BA6 /* Stickers.appex */ = {isa = PBXFileReference; explicitFileType = "wrapper.app-extension"; includeInIndex = 0; path = Stickers.appex; sourceTree = BUILT_PRODUCTS_DIR; };
		7560071E26CBEDC500AB9BA6 /* Stickers.xcassets */ = {isa = PBXFileReference; lastKnownFileType = folder.assetcatalog; path = Stickers.xcassets; sourceTree = "<group>"; };
		7560072026CBEDC500AB9BA6 /* Info.plist */ = {isa = PBXFileReference; lastKnownFileType = text.plist.xml; path = Info.plist; sourceTree = "<group>"; };
		7560072826CBF2CC00AB9BA6 /* CreditsView.swift */ = {isa = PBXFileReference; lastKnownFileType = sourcecode.swift; path = CreditsView.swift; sourceTree = "<group>"; };
		7560072B26CBF47400AB9BA6 /* CenterModifier.swift */ = {isa = PBXFileReference; lastKnownFileType = sourcecode.swift; path = CenterModifier.swift; sourceTree = "<group>"; };
		7560072D26CBF55700AB9BA6 /* Africa.entitlements */ = {isa = PBXFileReference; lastKnownFileType = text.plist.entitlements; path = Africa.entitlements; sourceTree = "<group>"; };
		75E7A1E026BC0FE6008CBCF5 /* animals.json */ = {isa = PBXFileReference; fileEncoding = 4; lastKnownFileType = text.json; path = animals.json; sourceTree = "<group>"; };
/* End PBXFileReference section */

/* Begin PBXFrameworksBuildPhase section */
		755A462C26BBFAC600F02AC7 /* Frameworks */ = {
			isa = PBXFrameworksBuildPhase;
			buildActionMask = 2147483647;
			files = (
			);
			runOnlyForDeploymentPostprocessing = 0;
		};
/* End PBXFrameworksBuildPhase section */

/* Begin PBXGroup section */
		755A462626BBFAC600F02AC7 = {
			isa = PBXGroup;
			children = (
				755A463126BBFAC600F02AC7 /* Africa */,
				7560071D26CBEDC300AB9BA6 /* Stickers */,
				755A463026BBFAC600F02AC7 /* Products */,
			);
			sourceTree = "<group>";
		};
		755A463026BBFAC600F02AC7 /* Products */ = {
			isa = PBXGroup;
			children = (
				755A462F26BBFAC600F02AC7 /* Africa.app */,
				7560071C26CBEDC300AB9BA6 /* Stickers.appex */,
			);
			name = Products;
			sourceTree = "<group>";
		};
		755A463126BBFAC600F02AC7 /* Africa */ = {
			isa = PBXGroup;
			children = (
				7560072D26CBF55700AB9BA6 /* Africa.entitlements */,
				7560072A26CBF46200AB9BA6 /* Modifier */,
				7560070F26C4CA1800AB9BA6 /* Utilities */,
				755A466E26BC044800F02AC7 /* Extension */,
				755A466B26BC031E00F02AC7 /* Model */,
				755A466826BC00F600F02AC7 /* View */,
				755A465626BBFCB700F02AC7 /* Data */,
				755A464126BBFC6600F02AC7 /* Video */,
				755A465F26BBFE5E00F02AC7 /* App */,
				755A463626BBFAC700F02AC7 /* Assets.xcassets */,
				755A463B26BBFAC700F02AC7 /* Info.plist */,
				755A463826BBFAC700F02AC7 /* Preview Content */,
			);
			path = Africa;
			sourceTree = "<group>";
		};
		755A463826BBFAC700F02AC7 /* Preview Content */ = {
			isa = PBXGroup;
			children = (
				755A463926BBFAC700F02AC7 /* Preview Assets.xcassets */,
			);
			path = "Preview Content";
			sourceTree = "<group>";
		};
		755A464126BBFC6600F02AC7 /* Video */ = {
			isa = PBXGroup;
			children = (
				755A464426BBFC8C00F02AC7 /* cheetah.mp4 */,
				755A464226BBFC8B00F02AC7 /* elephant.mp4 */,
				755A464326BBFC8C00F02AC7 /* giraffe.mp4 */,
				755A464626BBFC8C00F02AC7 /* gorilla.mp4 */,
				755A464A26BBFC8E00F02AC7 /* hippo.mp4 */,
				755A464526BBFC8C00F02AC7 /* lion.mp4 */,
				755A464826BBFC8D00F02AC7 /* lioness.mp4 */,
				755A464726BBFC8D00F02AC7 /* ostrich.mp4 */,
				755A464926BBFC8E00F02AC7 /* rhino.mp4 */,
				755A464B26BBFC8E00F02AC7 /* zebra.mp4 */,
			);
			path = Video;
			sourceTree = "<group>";
		};
		755A465626BBFCB700F02AC7 /* Data */ = {
			isa = PBXGroup;
			children = (
				75E7A1E026BC0FE6008CBCF5 /* animals.json */,
				755A465826BBFCCB00F02AC7 /* covers.json */,
				755A465A26BBFCCC00F02AC7 /* locations.json */,
				755A465926BBFCCC00F02AC7 /* videos.json */,
			);
			path = Data;
			sourceTree = "<group>";
		};
		755A465F26BBFE5E00F02AC7 /* App */ = {
			isa = PBXGroup;
			children = (
				755A463226BBFAC600F02AC7 /* AfricaApp.swift */,
				755A463426BBFAC600F02AC7 /* ContentView.swift */,
				755A466026BBFE9F00F02AC7 /* VideoListView.swift */,
				755A466226BBFEB200F02AC7 /* MapView.swift */,
				755A466426BBFEC300F02AC7 /* GalleryView.swift */,
				755A466626BBFED400F02AC7 /* MainView.swift */,
			);
			path = App;
			sourceTree = "<group>";
		};
		755A466826BC00F600F02AC7 /* View */ = {
			isa = PBXGroup;
			children = (
				755A466926BC010700F02AC7 /* CoverImageView.swift */,
				755A467126BC089E00F02AC7 /* AnimalListItemView.swift */,
				756006FD26BC52F200AB9BA6 /* AnimalDetailView.swift */,
				756006FF26BC552800AB9BA6 /* HeadingView.swift */,
				7560070126BC562200AB9BA6 /* InsetGalleryView.swift */,
				7560070326BC65AF00AB9BA6 /* InsetFactView.swift */,
				7560070526BC681400AB9BA6 /* InsetMapView.swift */,
				7560070726BDB40C00AB9BA6 /* ExternalWebLinkView.swift */,
				7560070B26C4C19A00AB9BA6 /* VideoListItemView.swift */,
				7560070D26C4C8C400AB9BA6 /* VideoPlayerView.swift */,
				7560071426C6190B00AB9BA6 /* MapAnnotationView.swift */,
				7560071626CA04C700AB9BA6 /* MotionAnimationView.swift */,
				7560071826CB0D3B00AB9BA6 /* AnimalGridItemView.swift */,
				7560072826CBF2CC00AB9BA6 /* CreditsView.swift */,
			);
			path = View;
			sourceTree = "<group>";
		};
		755A466B26BC031E00F02AC7 /* Model */ = {
			isa = PBXGroup;
			children = (
				755A466C26BC033200F02AC7 /* CoverImageModel.swift */,
				755A467326BC0A2600F02AC7 /* AnimalModel.swift */,
				7560070926C4C13000AB9BA6 /* VideoModel.swift */,
				7560071226C6150400AB9BA6 /* LocationModel.swift */,
			);
			path = Model;
			sourceTree = "<group>";
		};
		755A466E26BC044800F02AC7 /* Extension */ = {
			isa = PBXGroup;
			children = (
				755A466F26BC045900F02AC7 /* CodableBundleExtension.swift */,
			);
			path = Extension;
			sourceTree = "<group>";
		};
		7560070F26C4CA1800AB9BA6 /* Utilities */ = {
			isa = PBXGroup;
			children = (
				7560071026C4CA3800AB9BA6 /* VideoPlayerUtility.swift */,
			);
			path = Utilities;
			sourceTree = "<group>";
		};
		7560071D26CBEDC300AB9BA6 /* Stickers */ = {
			isa = PBXGroup;
			children = (
				7560071E26CBEDC500AB9BA6 /* Stickers.xcassets */,
				7560072026CBEDC500AB9BA6 /* Info.plist */,
			);
			path = Stickers;
			sourceTree = "<group>";
		};
		7560072A26CBF46200AB9BA6 /* Modifier */ = {
			isa = PBXGroup;
			children = (
				7560072B26CBF47400AB9BA6 /* CenterModifier.swift */,
			);
			path = Modifier;
			sourceTree = "<group>";
		};
/* End PBXGroup section */

/* Begin PBXNativeTarget section */
		755A462E26BBFAC600F02AC7 /* Africa */ = {
			isa = PBXNativeTarget;
			buildConfigurationList = 755A463E26BBFAC700F02AC7 /* Build configuration list for PBXNativeTarget "Africa" */;
			buildPhases = (
				755A462B26BBFAC600F02AC7 /* Sources */,
				755A462C26BBFAC600F02AC7 /* Frameworks */,
				755A462D26BBFAC600F02AC7 /* Resources */,
				7560072326CBEDC500AB9BA6 /* Embed App Extensions */,
			);
			buildRules = (
			);
			dependencies = (
				7560072226CBEDC500AB9BA6 /* PBXTargetDependency */,
			);
			name = Africa;
			productName = Africa;
			productReference = 755A462F26BBFAC600F02AC7 /* Africa.app */;
			productType = "com.apple.product-type.application";
		};
		7560071B26CBEDC300AB9BA6 /* Stickers */ = {
			isa = PBXNativeTarget;
			buildConfigurationList = 7560072526CBEDC500AB9BA6 /* Build configuration list for PBXNativeTarget "Stickers" */;
			buildPhases = (
				7560071A26CBEDC300AB9BA6 /* Resources */,
			);
			buildRules = (
			);
			dependencies = (
			);
			name = Stickers;
			productName = Stickers;
			productReference = 7560071C26CBEDC300AB9BA6 /* Stickers.appex */;
			productType = "com.apple.product-type.app-extension.messages-sticker-pack";
		};
/* End PBXNativeTarget section */

/* Begin PBXProject section */
		755A462726BBFAC600F02AC7 /* Project object */ = {
			isa = PBXProject;
			attributes = {
				LastSwiftUpdateCheck = 1250;
				LastUpgradeCheck = 1250;
				TargetAttributes = {
					755A462E26BBFAC600F02AC7 = {
						CreatedOnToolsVersion = 12.5.1;
					};
					7560071B26CBEDC300AB9BA6 = {
						CreatedOnToolsVersion = 12.5.1;
					};
				};
			};
			buildConfigurationList = 755A462A26BBFAC600F02AC7 /* Build configuration list for PBXProject "Africa" */;
			compatibilityVersion = "Xcode 9.3";
			developmentRegion = en;
			hasScannedForEncodings = 0;
			knownRegions = (
				en,
				Base,
			);
			mainGroup = 755A462626BBFAC600F02AC7;
			productRefGroup = 755A463026BBFAC600F02AC7 /* Products */;
			projectDirPath = "";
			projectRoot = "";
			targets = (
				755A462E26BBFAC600F02AC7 /* Africa */,
				7560071B26CBEDC300AB9BA6 /* Stickers */,
			);
		};
/* End PBXProject section */

/* Begin PBXResourcesBuildPhase section */
		755A462D26BBFAC600F02AC7 /* Resources */ = {
			isa = PBXResourcesBuildPhase;
			buildActionMask = 2147483647;
			files = (
				755A463A26BBFAC700F02AC7 /* Preview Assets.xcassets in Resources */,
				755A465426BBFC8E00F02AC7 /* hippo.mp4 in Resources */,
				755A465E26BBFCCC00F02AC7 /* locations.json in Resources */,
				755A465D26BBFCCC00F02AC7 /* videos.json in Resources */,
				755A464F26BBFC8E00F02AC7 /* lion.mp4 in Resources */,
				755A465226BBFC8E00F02AC7 /* lioness.mp4 in Resources */,
				755A465526BBFC8E00F02AC7 /* zebra.mp4 in Resources */,
				755A464E26BBFC8E00F02AC7 /* cheetah.mp4 in Resources */,
				755A465026BBFC8E00F02AC7 /* gorilla.mp4 in Resources */,
				75E7A1E126BC0FE6008CBCF5 /* animals.json in Resources */,
				755A465C26BBFCCC00F02AC7 /* covers.json in Resources */,
				755A463726BBFAC700F02AC7 /* Assets.xcassets in Resources */,
				755A464D26BBFC8E00F02AC7 /* giraffe.mp4 in Resources */,
				755A465126BBFC8E00F02AC7 /* ostrich.mp4 in Resources */,
				755A465326BBFC8E00F02AC7 /* rhino.mp4 in Resources */,
				755A464C26BBFC8E00F02AC7 /* elephant.mp4 in Resources */,
			);
			runOnlyForDeploymentPostprocessing = 0;
		};
		7560071A26CBEDC300AB9BA6 /* Resources */ = {
			isa = PBXResourcesBuildPhase;
			buildActionMask = 2147483647;
			files = (
				7560071F26CBEDC500AB9BA6 /* Stickers.xcassets in Resources */,
			);
			runOnlyForDeploymentPostprocessing = 0;
		};
/* End PBXResourcesBuildPhase section */

/* Begin PBXSourcesBuildPhase section */
		755A462B26BBFAC600F02AC7 /* Sources */ = {
			isa = PBXSourcesBuildPhase;
			buildActionMask = 2147483647;
			files = (
				755A463526BBFAC600F02AC7 /* ContentView.swift in Sources */,
				755A467226BC089E00F02AC7 /* AnimalListItemView.swift in Sources */,
				755A466726BBFED400F02AC7 /* MainView.swift in Sources */,
				7560070426BC65AF00AB9BA6 /* InsetFactView.swift in Sources */,
				755A466A26BC010700F02AC7 /* CoverImageView.swift in Sources */,
				755A466D26BC033200F02AC7 /* CoverImageModel.swift in Sources */,
				756006FE26BC52F200AB9BA6 /* AnimalDetailView.swift in Sources */,
				755A467426BC0A2600F02AC7 /* AnimalModel.swift in Sources */,
				755A466326BBFEB200F02AC7 /* MapView.swift in Sources */,
				7560070626BC681400AB9BA6 /* InsetMapView.swift in Sources */,
				755A463326BBFAC600F02AC7 /* AfricaApp.swift in Sources */,
				7560070826BDB40C00AB9BA6 /* ExternalWebLinkView.swift in Sources */,
				7560071126C4CA3800AB9BA6 /* VideoPlayerUtility.swift in Sources */,
				7560071526C6190B00AB9BA6 /* MapAnnotationView.swift in Sources */,
				755A466126BBFE9F00F02AC7 /* VideoListView.swift in Sources */,
				7560070A26C4C13000AB9BA6 /* VideoModel.swift in Sources */,
				755A466526BBFEC300F02AC7 /* GalleryView.swift in Sources */,
				7560071326C6150400AB9BA6 /* LocationModel.swift in Sources */,
				7560071926CB0D3B00AB9BA6 /* AnimalGridItemView.swift in Sources */,
				7560070226BC562200AB9BA6 /* InsetGalleryView.swift in Sources */,
				7560070C26C4C19A00AB9BA6 /* VideoListItemView.swift in Sources */,
				7560072926CBF2CC00AB9BA6 /* CreditsView.swift in Sources */,
				755A467026BC045900F02AC7 /* CodableBundleExtension.swift in Sources */,
				7560071726CA04C700AB9BA6 /* MotionAnimationView.swift in Sources */,
				7560072C26CBF47400AB9BA6 /* CenterModifier.swift in Sources */,
				7560070026BC552800AB9BA6 /* HeadingView.swift in Sources */,
				7560070E26C4C8C400AB9BA6 /* VideoPlayerView.swift in Sources */,
			);
			runOnlyForDeploymentPostprocessing = 0;
		};
/* End PBXSourcesBuildPhase section */

/* Begin PBXTargetDependency section */
		7560072226CBEDC500AB9BA6 /* PBXTargetDependency */ = {
			isa = PBXTargetDependency;
			platformFilter = ios;
			target = 7560071B26CBEDC300AB9BA6 /* Stickers */;
			targetProxy = 7560072126CBEDC500AB9BA6 /* PBXContainerItemProxy */;
		};
/* End PBXTargetDependency section */

/* Begin XCBuildConfiguration section */
		755A463C26BBFAC700F02AC7 /* Debug */ = {
			isa = XCBuildConfiguration;
			buildSettings = {
				ALWAYS_SEARCH_USER_PATHS = NO;
				CLANG_ANALYZER_NONNULL = YES;
				CLANG_ANALYZER_NUMBER_OBJECT_CONVERSION = YES_AGGRESSIVE;
				CLANG_CXX_LANGUAGE_STANDARD = "gnu++14";
				CLANG_CXX_LIBRARY = "libc++";
				CLANG_ENABLE_MODULES = YES;
				CLANG_ENABLE_OBJC_ARC = YES;
				CLANG_ENABLE_OBJC_WEAK = YES;
				CLANG_WARN_BLOCK_CAPTURE_AUTORELEASING = YES;
				CLANG_WARN_BOOL_CONVERSION = YES;
				CLANG_WARN_COMMA = YES;
				CLANG_WARN_CONSTANT_CONVERSION = YES;
				CLANG_WARN_DEPRECATED_OBJC_IMPLEMENTATIONS = YES;
				CLANG_WARN_DIRECT_OBJC_ISA_USAGE = YES_ERROR;
				CLANG_WARN_DOCUMENTATION_COMMENTS = YES;
				CLANG_WARN_EMPTY_BODY = YES;
				CLANG_WARN_ENUM_CONVERSION = YES;
				CLANG_WARN_INFINITE_RECURSION = YES;
				CLANG_WARN_INT_CONVERSION = YES;
				CLANG_WARN_NON_LITERAL_NULL_CONVERSION = YES;
				CLANG_WARN_OBJC_IMPLICIT_RETAIN_SELF = YES;
				CLANG_WARN_OBJC_LITERAL_CONVERSION = YES;
				CLANG_WARN_OBJC_ROOT_CLASS = YES_ERROR;
				CLANG_WARN_QUOTED_INCLUDE_IN_FRAMEWORK_HEADER = YES;
				CLANG_WARN_RANGE_LOOP_ANALYSIS = YES;
				CLANG_WARN_STRICT_PROTOTYPES = YES;
				CLANG_WARN_SUSPICIOUS_MOVE = YES;
				CLANG_WARN_UNGUARDED_AVAILABILITY = YES_AGGRESSIVE;
				CLANG_WARN_UNREACHABLE_CODE = YES;
				CLANG_WARN__DUPLICATE_METHOD_MATCH = YES;
				COPY_PHASE_STRIP = NO;
				DEBUG_INFORMATION_FORMAT = dwarf;
				ENABLE_STRICT_OBJC_MSGSEND = YES;
				ENABLE_TESTABILITY = YES;
				GCC_C_LANGUAGE_STANDARD = gnu11;
				GCC_DYNAMIC_NO_PIC = NO;
				GCC_NO_COMMON_BLOCKS = YES;
				GCC_OPTIMIZATION_LEVEL = 0;
				GCC_PREPROCESSOR_DEFINITIONS = (
					"DEBUG=1",
					"$(inherited)",
				);
				GCC_WARN_64_TO_32_BIT_CONVERSION = YES;
				GCC_WARN_ABOUT_RETURN_TYPE = YES_ERROR;
				GCC_WARN_UNDECLARED_SELECTOR = YES;
				GCC_WARN_UNINITIALIZED_AUTOS = YES_AGGRESSIVE;
				GCC_WARN_UNUSED_FUNCTION = YES;
				GCC_WARN_UNUSED_VARIABLE = YES;
				IPHONEOS_DEPLOYMENT_TARGET = 14.5;
				MTL_ENABLE_DEBUG_INFO = INCLUDE_SOURCE;
				MTL_FAST_MATH = YES;
				ONLY_ACTIVE_ARCH = YES;
				SDKROOT = iphoneos;
				SWIFT_ACTIVE_COMPILATION_CONDITIONS = DEBUG;
				SWIFT_OPTIMIZATION_LEVEL = "-Onone";
			};
			name = Debug;
		};
		755A463D26BBFAC700F02AC7 /* Release */ = {
			isa = XCBuildConfiguration;
			buildSettings = {
				ALWAYS_SEARCH_USER_PATHS = NO;
				CLANG_ANALYZER_NONNULL = YES;
				CLANG_ANALYZER_NUMBER_OBJECT_CONVERSION = YES_AGGRESSIVE;
				CLANG_CXX_LANGUAGE_STANDARD = "gnu++14";
				CLANG_CXX_LIBRARY = "libc++";
				CLANG_ENABLE_MODULES = YES;
				CLANG_ENABLE_OBJC_ARC = YES;
				CLANG_ENABLE_OBJC_WEAK = YES;
				CLANG_WARN_BLOCK_CAPTURE_AUTORELEASING = YES;
				CLANG_WARN_BOOL_CONVERSION = YES;
				CLANG_WARN_COMMA = YES;
				CLANG_WARN_CONSTANT_CONVERSION = YES;
				CLANG_WARN_DEPRECATED_OBJC_IMPLEMENTATIONS = YES;
				CLANG_WARN_DIRECT_OBJC_ISA_USAGE = YES_ERROR;
				CLANG_WARN_DOCUMENTATION_COMMENTS = YES;
				CLANG_WARN_EMPTY_BODY = YES;
				CLANG_WARN_ENUM_CONVERSION = YES;
				CLANG_WARN_INFINITE_RECURSION = YES;
				CLANG_WARN_INT_CONVERSION = YES;
				CLANG_WARN_NON_LITERAL_NULL_CONVERSION = YES;
				CLANG_WARN_OBJC_IMPLICIT_RETAIN_SELF = YES;
				CLANG_WARN_OBJC_LITERAL_CONVERSION = YES;
				CLANG_WARN_OBJC_ROOT_CLASS = YES_ERROR;
				CLANG_WARN_QUOTED_INCLUDE_IN_FRAMEWORK_HEADER = YES;
				CLANG_WARN_RANGE_LOOP_ANALYSIS = YES;
				CLANG_WARN_STRICT_PROTOTYPES = YES;
				CLANG_WARN_SUSPICIOUS_MOVE = YES;
				CLANG_WARN_UNGUARDED_AVAILABILITY = YES_AGGRESSIVE;
				CLANG_WARN_UNREACHABLE_CODE = YES;
				CLANG_WARN__DUPLICATE_METHOD_MATCH = YES;
				COPY_PHASE_STRIP = NO;
				DEBUG_INFORMATION_FORMAT = "dwarf-with-dsym";
				ENABLE_NS_ASSERTIONS = NO;
				ENABLE_STRICT_OBJC_MSGSEND = YES;
				GCC_C_LANGUAGE_STANDARD = gnu11;
				GCC_NO_COMMON_BLOCKS = YES;
				GCC_WARN_64_TO_32_BIT_CONVERSION = YES;
				GCC_WARN_ABOUT_RETURN_TYPE = YES_ERROR;
				GCC_WARN_UNDECLARED_SELECTOR = YES;
				GCC_WARN_UNINITIALIZED_AUTOS = YES_AGGRESSIVE;
				GCC_WARN_UNUSED_FUNCTION = YES;
				GCC_WARN_UNUSED_VARIABLE = YES;
				IPHONEOS_DEPLOYMENT_TARGET = 14.5;
				MTL_ENABLE_DEBUG_INFO = NO;
				MTL_FAST_MATH = YES;
				SDKROOT = iphoneos;
				SWIFT_COMPILATION_MODE = wholemodule;
				SWIFT_OPTIMIZATION_LEVEL = "-O";
				VALIDATE_PRODUCT = YES;
			};
			name = Release;
		};
		755A463F26BBFAC700F02AC7 /* Debug */ = {
			isa = XCBuildConfiguration;
			buildSettings = {
				ASSETCATALOG_COMPILER_APPICON_NAME = AppIcon;
				ASSETCATALOG_COMPILER_GLOBAL_ACCENT_COLOR_NAME = AccentColor;
				CODE_SIGN_ENTITLEMENTS = Africa/Africa.entitlements;
				CODE_SIGN_STYLE = Automatic;
				DEVELOPMENT_ASSET_PATHS = "\"Africa/Preview Content\"";
				DEVELOPMENT_TEAM = 8797CUKK57;
				ENABLE_PREVIEWS = YES;
				INFOPLIST_FILE = Africa/Info.plist;
				IPHONEOS_DEPLOYMENT_TARGET = 14.0;
				LD_RUNPATH_SEARCH_PATHS = (
					"$(inherited)",
					"@executable_path/Frameworks",
				);
				PRODUCT_BUNDLE_IDENTIFIER = com.swiftuimasterclass.Africa;
				PRODUCT_NAME = "$(TARGET_NAME)";
				SUPPORTS_MACCATALYST = YES;
				SWIFT_VERSION = 5.0;
				TARGETED_DEVICE_FAMILY = "1,2";
			};
			name = Debug;
		};
		755A464026BBFAC700F02AC7 /* Release */ = {
			isa = XCBuildConfiguration;
			buildSettings = {
				ASSETCATALOG_COMPILER_APPICON_NAME = AppIcon;
				ASSETCATALOG_COMPILER_GLOBAL_ACCENT_COLOR_NAME = AccentColor;
				CODE_SIGN_ENTITLEMENTS = Africa/Africa.entitlements;
				CODE_SIGN_STYLE = Automatic;
				DEVELOPMENT_ASSET_PATHS = "\"Africa/Preview Content\"";
				DEVELOPMENT_TEAM = 8797CUKK57;
				ENABLE_PREVIEWS = YES;
				INFOPLIST_FILE = Africa/Info.plist;
				IPHONEOS_DEPLOYMENT_TARGET = 14.0;
				LD_RUNPATH_SEARCH_PATHS = (
					"$(inherited)",
					"@executable_path/Frameworks",
				);
				PRODUCT_BUNDLE_IDENTIFIER = com.swiftuimasterclass.Africa;
				PRODUCT_NAME = "$(TARGET_NAME)";
				SUPPORTS_MACCATALYST = YES;
				SWIFT_VERSION = 5.0;
				TARGETED_DEVICE_FAMILY = "1,2";
			};
			name = Release;
		};
		7560072626CBEDC500AB9BA6 /* Debug */ = {
			isa = XCBuildConfiguration;
			buildSettings = {
				ASSETCATALOG_COMPILER_APPICON_NAME = "iMessage App Icon";
				CODE_SIGN_STYLE = Automatic;
				DEVELOPMENT_TEAM = 8797CUKK57;
				INFOPLIST_FILE = Stickers/Info.plist;
				IPHONEOS_DEPLOYMENT_TARGET = 10.0;
				PRODUCT_BUNDLE_IDENTIFIER = com.swiftuimasterclass.Africa.Stickers;
				PRODUCT_NAME = "$(TARGET_NAME)";
				SKIP_INSTALL = YES;
				SUPPORTS_MACCATALYST = NO;
				TARGETED_DEVICE_FAMILY = "1,2";
			};
			name = Debug;
		};
		7560072726CBEDC500AB9BA6 /* Release */ = {
			isa = XCBuildConfiguration;
			buildSettings = {
				ASSETCATALOG_COMPILER_APPICON_NAME = "iMessage App Icon";
				CODE_SIGN_STYLE = Automatic;
				DEVELOPMENT_TEAM = 8797CUKK57;
				INFOPLIST_FILE = Stickers/Info.plist;
				IPHONEOS_DEPLOYMENT_TARGET = 10.0;
				PRODUCT_BUNDLE_IDENTIFIER = com.swiftuimasterclass.Africa.Stickers;
				PRODUCT_NAME = "$(TARGET_NAME)";
				SKIP_INSTALL = YES;
				SUPPORTS_MACCATALYST = NO;
				TARGETED_DEVICE_FAMILY = "1,2";
			};
			name = Release;
		};
/* End XCBuildConfiguration section */

/* Begin XCConfigurationList section */
		755A462A26BBFAC600F02AC7 /* Build configuration list for PBXProject "Africa" */ = {
			isa = XCConfigurationList;
			buildConfigurations = (
				755A463C26BBFAC700F02AC7 /* Debug */,
				755A463D26BBFAC700F02AC7 /* Release */,
			);
			defaultConfigurationIsVisible = 0;
			defaultConfigurationName = Release;
		};
		755A463E26BBFAC700F02AC7 /* Build configuration list for PBXNativeTarget "Africa" */ = {
			isa = XCConfigurationList;
			buildConfigurations = (
				755A463F26BBFAC700F02AC7 /* Debug */,
				755A464026BBFAC700F02AC7 /* Release */,
			);
			defaultConfigurationIsVisible = 0;
			defaultConfigurationName = Release;
		};
		7560072526CBEDC500AB9BA6 /* Build configuration list for PBXNativeTarget "Stickers" */ = {
			isa = XCConfigurationList;
			buildConfigurations = (
				7560072626CBEDC500AB9BA6 /* Debug */,
				7560072726CBEDC500AB9BA6 /* Release */,
			);
			defaultConfigurationIsVisible = 0;
			defaultConfigurationName = Release;
		};
/* End XCConfigurationList section */
	};
	rootObject = 755A462726BBFAC600F02AC7 /* Project object */;
}
